
Microsoft Visual Studio Solution File, Format Version 12.00
# Visual Studio Version 17
VisualStudioVersion = 17.7.34031.279
MinimumVisualStudioVersion = 10.0.40219.1
Project("{FAE04EC0-301F-11D3-BF4B-00C04F79EFBC}") = "frappi", "frappi.csproj", "{26E90EBD-4229-4ED4-9697-DAC02932E526}"
EndProject
Global
	GlobalSection(SolutionConfigurationPlatforms) = preSolution
		Debug|Any CPU = Debug|Any CPU
		Release|Any CPU = Release|Any CPU
	EndGlobalSection
	GlobalSection(ProjectConfigurationPlatforms) = postSolution
		{26E90EBD-4229-4ED4-9697-DAC02932E526}.Debug|Any CPU.ActiveCfg = Debug|Any CPU
		{26E90EBD-4229-4ED4-9697-DAC02932E526}.Debug|Any CPU.Build.0 = Debug|Any CPU
		{26E90EBD-4229-4ED4-9697-DAC02932E526}.Release|Any CPU.ActiveCfg = Release|Any CPU
		{26E90EBD-4229-4ED4-9697-DAC02932E526}.Release|Any CPU.Build.0 = Release|Any CPU
	EndGlobalSection
	GlobalSection(SolutionProperties) = preSolution
		HideSolutionNode = FALSE
	EndGlobalSection
	GlobalSection(ExtensibilityGlobals) = postSolution
		SolutionGuid = {0F358DF4-7E35-498A-ABD0-1D03518A3367}
	EndGlobalSection
EndGlobal
